{
  "name": "scoutbook-leadership-importer",
  "version": "0.1.0",
  "lockfileVersion": 1,
  "requires": true,
  "dependencies": {
    "bluebird": {
      "version": "3.7.2",
      "resolved": "https://registry.npmjs.org/bluebird/-/bluebird-3.7.2.tgz",
      "integrity": "sha512-XpNj6GDQzdfW+r2Wnn7xiSAd7TM3jzkxGXBGTtWKuSXv1xUV+azxAm8jdWZN06QTQk+2N2XB9jRDkvbmQmcRtg=="
    },
    "csvtojson": {
      "version": "2.0.10",
      "resolved": "https://registry.npmjs.org/csvtojson/-/csvtojson-2.0.10.tgz",
      "integrity": "sha512-lUWFxGKyhraKCW8Qghz6Z0f2l/PqB1W3AO0HKJzGIQ5JRSlR651ekJDiGJbBT4sRNNv5ddnSGVEnsxP9XRCVpQ==",
      "requires": {
        "bluebird": "^3.5.1",
        "lodash": "^4.17.3",
        "strip-bom": "^2.0.0"
      }
    },
    "is-utf8": {
      "version": "0.2.1",
      "resolved": "https://registry.npmjs.org/is-utf8/-/is-utf8-0.2.1.tgz",
      "integrity": "sha1-Sw2hRCEE0bM2NA6AeX6GXPOffXI="
    },
    "lodash": {
      "version": "4.17.20",
      "resolved": "https://registry.npmjs.org/lodash/-/lodash-4.17.20.tgz",
      "integrity": "sha512-PlhdFcillOINfeV7Ni6oF1TAEayyZBoZ8bcshTHqOYJYlrqzRK5hagpagky5o4HfCzzd1TRkXPMFq6cKk9rGmA=="
    },
    "scoutbook-activities": {
      "version": "github:troop66matawan/scoutbook-activities#75b53568133fd3297a8bfd9ef5ecb91e16d1159c",
      "from": "github:troop66matawan/scoutbook-activities#master"
    },
    "scoutbook-advancement": {
      "version": "github:troop66matawan/scoutbook-advancement#921c9a54d9e360d2e4128f59aa221c5c98def693",
      "from": "github:troop66matawan/scoutbook-advancement#master"
    },
    "scoutbook-leadership": {
      "version": "github:troop66matawan/scoutbook-leadership#c8cceb4a8aa04f20be22e17d8dbda02a8837ea57",
      "from": "github:troop66matawan/scoutbook-leadership#master"
    },
    "scoutbook-scout": {
      "version": "github:troop66matawan/scoutbook-scout#9f74fb4386b36ca749f26f4f4b0ce0ff4569fd2a",
      "from": "github:troop66matawan/scoutbook-scout#master",
      "requires": {
        "scoutbook-activities": "github:troop66matawan/scoutbook-activities#master",
        "scoutbook-advancement": "github:troop66matawan/scoutbook-advancement#master",
        "scoutbook-leadership": "github:troop66matawan/scoutbook-leadership#master"
      }
    },
    "strip-bom": {
      "version": "2.0.0",
      "resolved": "https://registry.npmjs.org/strip-bom/-/strip-bom-2.0.0.tgz",
      "integrity": "sha1-YhmoVhZSBJHzV4i9vxRHqZx+aw4=",
      "requires": {
        "is-utf8": "^0.2.0"
      }
    }
  }
}
